
Microsoft Visual Studio Solution File, Format Version 12.00
# Visual Studio Version 17
VisualStudioVersion = 17.5.33516.290
MinimumVisualStudioVersion = 10.0.40219.1
Project("{9A19103F-16F7-4668-BE54-9A1E7A4F7556}") = "CapstoneGVC", "CapstoneGVC\CapstoneGVC.csproj", "{29B44F77-9241-4D15-8C04-CD8B28A4B89C}"
EndProject
Project("{9A19103F-16F7-4668-BE54-9A1E7A4F7556}") = "CapstoneGVC.Contracts", "CapstoneGVC.Contracts\CapstoneGVC.Contracts.csproj", "{5A2A2957-68A3-4193-A8F3-C366F8E484F7}"
EndProject
Project("{9A19103F-16F7-4668-BE54-9A1E7A4F7556}") = "CapstoneGVC.BusinessCore", "CapstoneGVC.BusinessCore\CapstoneGVC.BusinessCore.csproj", "{8FECC0F4-D7F5-4B27-991D-2AF444C6E86D}"
EndProject
Global
	GlobalSection(SolutionConfigurationPlatforms) = preSolution
		Debug|Any CPU = Debug|Any CPU
		Release|Any CPU = Release|Any CPU
	EndGlobalSection
	GlobalSection(ProjectConfigurationPlatforms) = postSolution
		{29B44F77-9241-4D15-8C04-CD8B28A4B89C}.Debug|Any CPU.ActiveCfg = Debug|Any CPU
		{29B44F77-9241-4D15-8C04-CD8B28A4B89C}.Debug|Any CPU.Build.0 = Debug|Any CPU
		{29B44F77-9241-4D15-8C04-CD8B28A4B89C}.Release|Any CPU.ActiveCfg = Release|Any CPU
		{29B44F77-9241-4D15-8C04-CD8B28A4B89C}.Release|Any CPU.Build.0 = Release|Any CPU
		{5A2A2957-68A3-4193-A8F3-C366F8E484F7}.Debug|Any CPU.ActiveCfg = Debug|Any CPU
		{5A2A2957-68A3-4193-A8F3-C366F8E484F7}.Debug|Any CPU.Build.0 = Debug|Any CPU
		{5A2A2957-68A3-4193-A8F3-C366F8E484F7}.Release|Any CPU.ActiveCfg = Release|Any CPU
		{5A2A2957-68A3-4193-A8F3-C366F8E484F7}.Release|Any CPU.Build.0 = Release|Any CPU
		{8FECC0F4-D7F5-4B27-991D-2AF444C6E86D}.Debug|Any CPU.ActiveCfg = Debug|Any CPU
		{8FECC0F4-D7F5-4B27-991D-2AF444C6E86D}.Debug|Any CPU.Build.0 = Debug|Any CPU
		{8FECC0F4-D7F5-4B27-991D-2AF444C6E86D}.Release|Any CPU.ActiveCfg = Release|Any CPU
		{8FECC0F4-D7F5-4B27-991D-2AF444C6E86D}.Release|Any CPU.Build.0 = Release|Any CPU
	EndGlobalSection
	GlobalSection(SolutionProperties) = preSolution
		HideSolutionNode = FALSE
	EndGlobalSection
	GlobalSection(ExtensibilityGlobals) = postSolution
		SolutionGuid = {1C4F256E-457B-4997-AD4B-CC52C300425B}
	EndGlobalSection
EndGlobal
